// !$*UTF8*$!
{
	archiveVersion = 1;
	classes = {
	};
	objectVersion = 56;
	objects = {

/* Begin PBXBuildFile section */
		4C62DCB6293CD4200009048E /* SceneDelegate.swift in Sources */ = {isa = PBXBuildFile; fileRef = 4C62DCB5293CD4200009048E /* SceneDelegate.swift */; };
		4C62DCBD293CD5150009048E /* DetailsViewController.swift in Sources */ = {isa = PBXBuildFile; fileRef = 4C62DCBC293CD5150009048E /* DetailsViewController.swift */; };
		4C62DCBF293CD8330009048E /* UIColor + Extension.swift in Sources */ = {isa = PBXBuildFile; fileRef = 4C62DCBE293CD8330009048E /* UIColor + Extension.swift */; };
		4C62DCC3293CD90D0009048E /* PhotoTableViewCell.swift in Sources */ = {isa = PBXBuildFile; fileRef = 4C62DCC2293CD90D0009048E /* PhotoTableViewCell.swift */; };
		4C62DCC5293CDA540009048E /* UILabel + Extensions.swift in Sources */ = {isa = PBXBuildFile; fileRef = 4C62DCC4293CDA540009048E /* UILabel + Extensions.swift */; };
		4C62DCC8293CDD180009048E /* Constants.swift in Sources */ = {isa = PBXBuildFile; fileRef = 4C62DCC7293CDD180009048E /* Constants.swift */; };
		4C62DCCA293CE1490009048E /* Coordinator.swift in Sources */ = {isa = PBXBuildFile; fileRef = 4C62DCC9293CE1490009048E /* Coordinator.swift */; };
		4C62DCCD293CE5EA0009048E /* UIStackView + Extensions.swift in Sources */ = {isa = PBXBuildFile; fileRef = 4C62DCCC293CE5EA0009048E /* UIStackView + Extensions.swift */; };
		4C62DCD0293CEB7A0009048E /* ActivityIndicator.swift in Sources */ = {isa = PBXBuildFile; fileRef = 4C62DCCF293CEB7A0009048E /* ActivityIndicator.swift */; };
		4C62DCD3293CEC100009048E /* NetworkManager.swift in Sources */ = {isa = PBXBuildFile; fileRef = 4C62DCD2293CEC100009048E /* NetworkManager.swift */; };
		4C62DCD6293CEC420009048E /* ItemsModel.swift in Sources */ = {isa = PBXBuildFile; fileRef = 4C62DCD5293CEC420009048E /* ItemsModel.swift */; };
		4C62DCD8293CEC5A0009048E /* MediaModel.swift in Sources */ = {isa = PBXBuildFile; fileRef = 4C62DCD7293CEC5A0009048E /* MediaModel.swift */; };
		4C62DCDA293CEC720009048E /* FlickrSearchModel.swift in Sources */ = {isa = PBXBuildFile; fileRef = 4C62DCD9293CEC720009048E /* FlickrSearchModel.swift */; };
		4C62DCDD293CECBC0009048E /* mainThread.swift in Sources */ = {isa = PBXBuildFile; fileRef = 4C62DCDC293CECBC0009048E /* mainThread.swift */; };
		4C62DCE1293CEFC30009048E /* String+Extension.swift in Sources */ = {isa = PBXBuildFile; fileRef = 4C62DCE0293CEFC30009048E /* String+Extension.swift */; };
		4C62DCE3293CEFFF0009048E /* Items + Extension.swift in Sources */ = {isa = PBXBuildFile; fileRef = 4C62DCE2293CEFFF0009048E /* Items + Extension.swift */; };
		4C62DCE5293CF0520009048E /* UIImageView + Extension.swift in Sources */ = {isa = PBXBuildFile; fileRef = 4C62DCE4293CF0520009048E /* UIImageView + Extension.swift */; };
		4C62DCE7293CF3BE0009048E /* NetworkError.swift in Sources */ = {isa = PBXBuildFile; fileRef = 4C62DCE6293CF3BE0009048E /* NetworkError.swift */; };
		4C62DCEA293CF49F0009048E /* MainViewModel.swift in Sources */ = {isa = PBXBuildFile; fileRef = 4C62DCE9293CF49F0009048E /* MainViewModel.swift */; };
		4CD16B80293CD06100DA79AB /* AppDelegate.swift in Sources */ = {isa = PBXBuildFile; fileRef = 4CD16B7F293CD06100DA79AB /* AppDelegate.swift */; };
		4CD16B84293CD06100DA79AB /* MainViewController.swift in Sources */ = {isa = PBXBuildFile; fileRef = 4CD16B83293CD06100DA79AB /* MainViewController.swift */; };
		4CD16B89293CD06300DA79AB /* Assets.xcassets in Resources */ = {isa = PBXBuildFile; fileRef = 4CD16B88293CD06300DA79AB /* Assets.xcassets */; };
		4CD16B8C293CD06300DA79AB /* LaunchScreen.storyboard in Resources */ = {isa = PBXBuildFile; fileRef = 4CD16B8A293CD06300DA79AB /* LaunchScreen.storyboard */; };
/* End PBXBuildFile section */

/* Begin PBXFileReference section */
		4C62DCB5293CD4200009048E /* SceneDelegate.swift */ = {isa = PBXFileReference; lastKnownFileType = sourcecode.swift; path = SceneDelegate.swift; sourceTree = "<group>"; };
		4C62DCBC293CD5150009048E /* DetailsViewController.swift */ = {isa = PBXFileReference; lastKnownFileType = sourcecode.swift; path = DetailsViewController.swift; sourceTree = "<group>"; };
		4C62DCBE293CD8330009048E /* UIColor + Extension.swift */ = {isa = PBXFileReference; lastKnownFileType = sourcecode.swift; path = "UIColor + Extension.swift"; sourceTree = "<group>"; };
		4C62DCC2293CD90D0009048E /* PhotoTableViewCell.swift */ = {isa = PBXFileReference; lastKnownFileType = sourcecode.swift; path = PhotoTableViewCell.swift; sourceTree = "<group>"; };
		4C62DCC4293CDA540009048E /* UILabel + Extensions.swift */ = {isa = PBXFileReference; lastKnownFileType = sourcecode.swift; path = "UILabel + Extensions.swift"; sourceTree = "<group>"; };
		4C62DCC7293CDD180009048E /* Constants.swift */ = {isa = PBXFileReference; lastKnownFileType = sourcecode.swift; path = Constants.swift; sourceTree = "<group>"; };
		4C62DCC9293CE1490009048E /* Coordinator.swift */ = {isa = PBXFileReference; lastKnownFileType = sourcecode.swift; path = Coordinator.swift; sourceTree = "<group>"; };
		4C62DCCC293CE5EA0009048E /* UIStackView + Extensions.swift */ = {isa = PBXFileReference; lastKnownFileType = sourcecode.swift; path = "UIStackView + Extensions.swift"; sourceTree = "<group>"; };
		4C62DCCF293CEB7A0009048E /* ActivityIndicator.swift */ = {isa = PBXFileReference; lastKnownFileType = sourcecode.swift; path = ActivityIndicator.swift; sourceTree = "<group>"; };
		4C62DCD2293CEC100009048E /* NetworkManager.swift */ = {isa = PBXFileReference; lastKnownFileType = sourcecode.swift; path = NetworkManager.swift; sourceTree = "<group>"; };
		4C62DCD5293CEC420009048E /* ItemsModel.swift */ = {isa = PBXFileReference; lastKnownFileType = sourcecode.swift; path = ItemsModel.swift; sourceTree = "<group>"; };
		4C62DCD7293CEC5A0009048E /* MediaModel.swift */ = {isa = PBXFileReference; lastKnownFileType = sourcecode.swift; path = MediaModel.swift; sourceTree = "<group>"; };
		4C62DCD9293CEC720009048E /* FlickrSearchModel.swift */ = {isa = PBXFileReference; lastKnownFileType = sourcecode.swift; path = FlickrSearchModel.swift; sourceTree = "<group>"; };
		4C62DCDC293CECBC0009048E /* mainThread.swift */ = {isa = PBXFileReference; lastKnownFileType = sourcecode.swift; path = mainThread.swift; sourceTree = "<group>"; };
		4C62DCE0293CEFC30009048E /* String+Extension.swift */ = {isa = PBXFileReference; lastKnownFileType = sourcecode.swift; path = "String+Extension.swift"; sourceTree = "<group>"; };
		4C62DCE2293CEFFF0009048E /* Items + Extension.swift */ = {isa = PBXFileReference; lastKnownFileType = sourcecode.swift; path = "Items + Extension.swift"; sourceTree = "<group>"; };
		4C62DCE4293CF0520009048E /* UIImageView + Extension.swift */ = {isa = PBXFileReference; lastKnownFileType = sourcecode.swift; path = "UIImageView + Extension.swift"; sourceTree = "<group>"; };
		4C62DCE6293CF3BE0009048E /* NetworkError.swift */ = {isa = PBXFileReference; lastKnownFileType = sourcecode.swift; path = NetworkError.swift; sourceTree = "<group>"; };
		4C62DCE9293CF49F0009048E /* MainViewModel.swift */ = {isa = PBXFileReference; lastKnownFileType = sourcecode.swift; path = MainViewModel.swift; sourceTree = "<group>"; };
		4CD16B7C293CD06100DA79AB /* PhotoSearcher.app */ = {isa = PBXFileReference; explicitFileType = wrapper.application; includeInIndex = 0; path = PhotoSearcher.app; sourceTree = BUILT_PRODUCTS_DIR; };
		4CD16B7F293CD06100DA79AB /* AppDelegate.swift */ = {isa = PBXFileReference; lastKnownFileType = sourcecode.swift; path = AppDelegate.swift; sourceTree = "<group>"; };
		4CD16B83293CD06100DA79AB /* MainViewController.swift */ = {isa = PBXFileReference; lastKnownFileType = sourcecode.swift; path = MainViewController.swift; sourceTree = "<group>"; };
		4CD16B88293CD06300DA79AB /* Assets.xcassets */ = {isa = PBXFileReference; lastKnownFileType = folder.assetcatalog; path = Assets.xcassets; sourceTree = "<group>"; };
		4CD16B8B293CD06300DA79AB /* Base */ = {isa = PBXFileReference; lastKnownFileType = file.storyboard; name = Base; path = Base.lproj/LaunchScreen.storyboard; sourceTree = "<group>"; };
		4CD16B8D293CD06300DA79AB /* Info.plist */ = {isa = PBXFileReference; lastKnownFileType = text.plist.xml; path = Info.plist; sourceTree = "<group>"; };
/* End PBXFileReference section */

/* Begin PBXFrameworksBuildPhase section */
		4CD16B79293CD06100DA79AB /* Frameworks */ = {
			isa = PBXFrameworksBuildPhase;
			buildActionMask = 2147483647;
			files = (
			);
			runOnlyForDeploymentPostprocessing = 0;
		};
/* End PBXFrameworksBuildPhase section */

/* Begin PBXGroup section */
		4C62DCB9293CD43F0009048E /* Application */ = {
			isa = PBXGroup;
			children = (
				4CD16B7F293CD06100DA79AB /* AppDelegate.swift */,
				4C62DCB5293CD4200009048E /* SceneDelegate.swift */,
			);
			path = Application;
			sourceTree = "<group>";
		};
		4C62DCBA293CD4640009048E /* ViewControllers */ = {
			isa = PBXGroup;
			children = (
				4CD16B83293CD06100DA79AB /* MainViewController.swift */,
				4C62DCBC293CD5150009048E /* DetailsViewController.swift */,
			);
			path = ViewControllers;
			sourceTree = "<group>";
		};
		4C62DCBB293CD4730009048E /* Resources */ = {
			isa = PBXGroup;
			children = (
				4CD16B88293CD06300DA79AB /* Assets.xcassets */,
				4CD16B8A293CD06300DA79AB /* LaunchScreen.storyboard */,
				4CD16B8D293CD06300DA79AB /* Info.plist */,
			);
			path = Resources;
			sourceTree = "<group>";
		};
		4C62DCC0293CD83D0009048E /* Extension */ = {
			isa = PBXGroup;
			children = (
				4C62DCE2293CEFFF0009048E /* Items + Extension.swift */,
				4C62DCE0293CEFC30009048E /* String+Extension.swift */,
				4C62DCBE293CD8330009048E /* UIColor + Extension.swift */,
				4C62DCE4293CF0520009048E /* UIImageView + Extension.swift */,
				4C62DCC4293CDA540009048E /* UILabel + Extensions.swift */,
				4C62DCCC293CE5EA0009048E /* UIStackView + Extensions.swift */,
			);
			path = Extension;
			sourceTree = "<group>";
		};
		4C62DCC1293CD8F40009048E /* View */ = {
			isa = PBXGroup;
			children = (
				4C62DCC2293CD90D0009048E /* PhotoTableViewCell.swift */,
			);
			path = View;
			sourceTree = "<group>";
		};
		4C62DCC6293CDCF60009048E /* Utils */ = {
			isa = PBXGroup;
			children = (
				4C62DCC7293CDD180009048E /* Constants.swift */,
			);
			path = Utils;
			sourceTree = "<group>";
		};
		4C62DCCB293CE1540009048E /* Router */ = {
			isa = PBXGroup;
			children = (
				4C62DCC9293CE1490009048E /* Coordinator.swift */,
			);
			path = Router;
			sourceTree = "<group>";
		};
		4C62DCCE293CEADD0009048E /* Helpers */ = {
			isa = PBXGroup;
			children = (
				4C62DCCF293CEB7A0009048E /* ActivityIndicator.swift */,
			);
			path = Helpers;
			sourceTree = "<group>";
		};
		4C62DCD1293CEBF20009048E /* Services */ = {
			isa = PBXGroup;
			children = (
				4C62DCD2293CEC100009048E /* NetworkManager.swift */,
				4C62DCE6293CF3BE0009048E /* NetworkError.swift */,
			);
			path = Services;
			sourceTree = "<group>";
		};
		4C62DCD4293CEC290009048E /* Models */ = {
			isa = PBXGroup;
			children = (
				4C62DCD5293CEC420009048E /* ItemsModel.swift */,
				4C62DCD7293CEC5A0009048E /* MediaModel.swift */,
				4C62DCD9293CEC720009048E /* FlickrSearchModel.swift */,
			);
			path = Models;
			sourceTree = "<group>";
		};
		4C62DCDB293CECA50009048E /* GlobalFunctions */ = {
			isa = PBXGroup;
			children = (
				4C62DCDC293CECBC0009048E /* mainThread.swift */,
			);
			path = GlobalFunctions;
			sourceTree = "<group>";
		};
		4C62DCE8293CF47B0009048E /* ViewModel */ = {
			isa = PBXGroup;
			children = (
				4C62DCE9293CF49F0009048E /* MainViewModel.swift */,
			);
			path = ViewModel;
			sourceTree = "<group>";
		};
		4CD16B73293CD06100DA79AB = {
			isa = PBXGroup;
			children = (
				4CD16B7E293CD06100DA79AB /* PhotoSearcher */,
				4CD16B7D293CD06100DA79AB /* Products */,
			);
			sourceTree = "<group>";
		};
		4CD16B7D293CD06100DA79AB /* Products */ = {
			isa = PBXGroup;
			children = (
				4CD16B7C293CD06100DA79AB /* PhotoSearcher.app */,
			);
			name = Products;
			sourceTree = "<group>";
		};
		4CD16B7E293CD06100DA79AB /* PhotoSearcher */ = {
			isa = PBXGroup;
			children = (
				4C62DCE8293CF47B0009048E /* ViewModel */,
				4C62DCDB293CECA50009048E /* GlobalFunctions */,
				4C62DCD4293CEC290009048E /* Models */,
				4C62DCD1293CEBF20009048E /* Services */,
				4C62DCCE293CEADD0009048E /* Helpers */,
				4C62DCCB293CE1540009048E /* Router */,
				4C62DCC6293CDCF60009048E /* Utils */,
				4C62DCC1293CD8F40009048E /* View */,
				4C62DCB9293CD43F0009048E /* Application */,
				4C62DCBA293CD4640009048E /* ViewControllers */,
				4C62DCC0293CD83D0009048E /* Extension */,
				4C62DCBB293CD4730009048E /* Resources */,
			);
			path = PhotoSearcher;
			sourceTree = "<group>";
		};
/* End PBXGroup section */

/* Begin PBXNativeTarget section */
		4CD16B7B293CD06100DA79AB /* PhotoSearcher */ = {
			isa = PBXNativeTarget;
			buildConfigurationList = 4CD16B90293CD06300DA79AB /* Build configuration list for PBXNativeTarget "PhotoSearcher" */;
			buildPhases = (
				4CD16B78293CD06100DA79AB /* Sources */,
				4CD16B79293CD06100DA79AB /* Frameworks */,
				4CD16B7A293CD06100DA79AB /* Resources */,
			);
			buildRules = (
			);
			dependencies = (
			);
			name = PhotoSearcher;
			productName = PhotoSearcher;
			productReference = 4CD16B7C293CD06100DA79AB /* PhotoSearcher.app */;
			productType = "com.apple.product-type.application";
		};
/* End PBXNativeTarget section */

/* Begin PBXProject section */
		4CD16B74293CD06100DA79AB /* Project object */ = {
			isa = PBXProject;
			attributes = {
				BuildIndependentTargetsInParallel = 1;
				LastSwiftUpdateCheck = 1410;
				LastUpgradeCheck = 1410;
				TargetAttributes = {
					4CD16B7B293CD06100DA79AB = {
						CreatedOnToolsVersion = 14.1;
					};
				};
			};
			buildConfigurationList = 4CD16B77293CD06100DA79AB /* Build configuration list for PBXProject "PhotoSearcher" */;
			compatibilityVersion = "Xcode 14.0";
			developmentRegion = en;
			hasScannedForEncodings = 0;
			knownRegions = (
				en,
				Base,
			);
			mainGroup = 4CD16B73293CD06100DA79AB;
			productRefGroup = 4CD16B7D293CD06100DA79AB /* Products */;
			projectDirPath = "";
			projectRoot = "";
			targets = (
				4CD16B7B293CD06100DA79AB /* PhotoSearcher */,
			);
		};
/* End PBXProject section */

/* Begin PBXResourcesBuildPhase section */
		4CD16B7A293CD06100DA79AB /* Resources */ = {
			isa = PBXResourcesBuildPhase;
			buildActionMask = 2147483647;
			files = (
				4CD16B8C293CD06300DA79AB /* LaunchScreen.storyboard in Resources */,
				4CD16B89293CD06300DA79AB /* Assets.xcassets in Resources */,
			);
			runOnlyForDeploymentPostprocessing = 0;
		};
/* End PBXResourcesBuildPhase section */

/* Begin PBXSourcesBuildPhase section */
		4CD16B78293CD06100DA79AB /* Sources */ = {
			isa = PBXSourcesBuildPhase;
			buildActionMask = 2147483647;
			files = (
				4C62DCD3293CEC100009048E /* NetworkManager.swift in Sources */,
				4CD16B84293CD06100DA79AB /* MainViewController.swift in Sources */,
				4C62DCDA293CEC720009048E /* FlickrSearchModel.swift in Sources */,
				4C62DCE5293CF0520009048E /* UIImageView + Extension.swift in Sources */,
				4CD16B80293CD06100DA79AB /* AppDelegate.swift in Sources */,
				4C62DCC3293CD90D0009048E /* PhotoTableViewCell.swift in Sources */,
				4C62DCD6293CEC420009048E /* ItemsModel.swift in Sources */,
				4C62DCCD293CE5EA0009048E /* UIStackView + Extensions.swift in Sources */,
				4C62DCB6293CD4200009048E /* SceneDelegate.swift in Sources */,
				4C62DCDD293CECBC0009048E /* mainThread.swift in Sources */,
				4C62DCE1293CEFC30009048E /* String+Extension.swift in Sources */,
				4C62DCD0293CEB7A0009048E /* ActivityIndicator.swift in Sources */,
				4C62DCE3293CEFFF0009048E /* Items + Extension.swift in Sources */,
				4C62DCCA293CE1490009048E /* Coordinator.swift in Sources */,
				4C62DCEA293CF49F0009048E /* MainViewModel.swift in Sources */,
				4C62DCE7293CF3BE0009048E /* NetworkError.swift in Sources */,
				4C62DCBD293CD5150009048E /* DetailsViewController.swift in Sources */,
				4C62DCD8293CEC5A0009048E /* MediaModel.swift in Sources */,
				4C62DCC5293CDA540009048E /* UILabel + Extensions.swift in Sources */,
				4C62DCBF293CD8330009048E /* UIColor + Extension.swift in Sources */,
				4C62DCC8293CDD180009048E /* Constants.swift in Sources */,
			);
			runOnlyForDeploymentPostprocessing = 0;
		};
/* End PBXSourcesBuildPhase section */

/* Begin PBXVariantGroup section */
		4CD16B8A293CD06300DA79AB /* LaunchScreen.storyboard */ = {
			isa = PBXVariantGroup;
			children = (
				4CD16B8B293CD06300DA79AB /* Base */,
			);
			name = LaunchScreen.storyboard;
			sourceTree = "<group>";
		};
/* End PBXVariantGroup section */

/* Begin XCBuildConfiguration section */
		4CD16B8E293CD06300DA79AB /* Debug */ = {
			isa = XCBuildConfiguration;
			buildSettings = {
				ALWAYS_SEARCH_USER_PATHS = NO;
				CLANG_ANALYZER_NONNULL = YES;
				CLANG_ANALYZER_NUMBER_OBJECT_CONVERSION = YES_AGGRESSIVE;
				CLANG_CXX_LANGUAGE_STANDARD = "gnu++20";
				CLANG_ENABLE_MODULES = YES;
				CLANG_ENABLE_OBJC_ARC = YES;
				CLANG_ENABLE_OBJC_WEAK = YES;
				CLANG_WARN_BLOCK_CAPTURE_AUTORELEASING = YES;
				CLANG_WARN_BOOL_CONVERSION = YES;
				CLANG_WARN_COMMA = YES;
				CLANG_WARN_CONSTANT_CONVERSION = YES;
				CLANG_WARN_DEPRECATED_OBJC_IMPLEMENTATIONS = YES;
				CLANG_WARN_DIRECT_OBJC_ISA_USAGE = YES_ERROR;
				CLANG_WARN_DOCUMENTATION_COMMENTS = YES;
				CLANG_WARN_EMPTY_BODY = YES;
				CLANG_WARN_ENUM_CONVERSION = YES;
				CLANG_WARN_INFINITE_RECURSION = YES;
				CLANG_WARN_INT_CONVERSION = YES;
				CLANG_WARN_NON_LITERAL_NULL_CONVERSION = YES;
				CLANG_WARN_OBJC_IMPLICIT_RETAIN_SELF = YES;
				CLANG_WARN_OBJC_LITERAL_CONVERSION = YES;
				CLANG_WARN_OBJC_ROOT_CLASS = YES_ERROR;
				CLANG_WARN_QUOTED_INCLUDE_IN_FRAMEWORK_HEADER = YES;
				CLANG_WARN_RANGE_LOOP_ANALYSIS = YES;
				CLANG_WARN_STRICT_PROTOTYPES = YES;
				CLANG_WARN_SUSPICIOUS_MOVE = YES;
				CLANG_WARN_UNGUARDED_AVAILABILITY = YES_AGGRESSIVE;
				CLANG_WARN_UNREACHABLE_CODE = YES;
				CLANG_WARN__DUPLICATE_METHOD_MATCH = YES;
				COPY_PHASE_STRIP = NO;
				DEBUG_INFORMATION_FORMAT = dwarf;
				ENABLE_STRICT_OBJC_MSGSEND = YES;
				ENABLE_TESTABILITY = YES;
				GCC_C_LANGUAGE_STANDARD = gnu11;
				GCC_DYNAMIC_NO_PIC = NO;
				GCC_NO_COMMON_BLOCKS = YES;
				GCC_OPTIMIZATION_LEVEL = 0;
				GCC_PREPROCESSOR_DEFINITIONS = (
					"DEBUG=1",
					"$(inherited)",
				);
				GCC_WARN_64_TO_32_BIT_CONVERSION = YES;
				GCC_WARN_ABOUT_RETURN_TYPE = YES_ERROR;
				GCC_WARN_UNDECLARED_SELECTOR = YES;
				GCC_WARN_UNINITIALIZED_AUTOS = YES_AGGRESSIVE;
				GCC_WARN_UNUSED_FUNCTION = YES;
				GCC_WARN_UNUSED_VARIABLE = YES;
				IPHONEOS_DEPLOYMENT_TARGET = 16.1;
				MTL_ENABLE_DEBUG_INFO = INCLUDE_SOURCE;
				MTL_FAST_MATH = YES;
				ONLY_ACTIVE_ARCH = YES;
				SDKROOT = iphoneos;
				SWIFT_ACTIVE_COMPILATION_CONDITIONS = DEBUG;
				SWIFT_OPTIMIZATION_LEVEL = "-Onone";
			};
			name = Debug;
		};
		4CD16B8F293CD06300DA79AB /* Release */ = {
			isa = XCBuildConfiguration;
			buildSettings = {
				ALWAYS_SEARCH_USER_PATHS = NO;
				CLANG_ANALYZER_NONNULL = YES;
				CLANG_ANALYZER_NUMBER_OBJECT_CONVERSION = YES_AGGRESSIVE;
				CLANG_CXX_LANGUAGE_STANDARD = "gnu++20";
				CLANG_ENABLE_MODULES = YES;
				CLANG_ENABLE_OBJC_ARC = YES;
				CLANG_ENABLE_OBJC_WEAK = YES;
				CLANG_WARN_BLOCK_CAPTURE_AUTORELEASING = YES;
				CLANG_WARN_BOOL_CONVERSION = YES;
				CLANG_WARN_COMMA = YES;
				CLANG_WARN_CONSTANT_CONVERSION = YES;
				CLANG_WARN_DEPRECATED_OBJC_IMPLEMENTATIONS = YES;
				CLANG_WARN_DIRECT_OBJC_ISA_USAGE = YES_ERROR;
				CLANG_WARN_DOCUMENTATION_COMMENTS = YES;
				CLANG_WARN_EMPTY_BODY = YES;
				CLANG_WARN_ENUM_CONVERSION = YES;
				CLANG_WARN_INFINITE_RECURSION = YES;
				CLANG_WARN_INT_CONVERSION = YES;
				CLANG_WARN_NON_LITERAL_NULL_CONVERSION = YES;
				CLANG_WARN_OBJC_IMPLICIT_RETAIN_SELF = YES;
				CLANG_WARN_OBJC_LITERAL_CONVERSION = YES;
				CLANG_WARN_OBJC_ROOT_CLASS = YES_ERROR;
				CLANG_WARN_QUOTED_INCLUDE_IN_FRAMEWORK_HEADER = YES;
				CLANG_WARN_RANGE_LOOP_ANALYSIS = YES;
				CLANG_WARN_STRICT_PROTOTYPES = YES;
				CLANG_WARN_SUSPICIOUS_MOVE = YES;
				CLANG_WARN_UNGUARDED_AVAILABILITY = YES_AGGRESSIVE;
				CLANG_WARN_UNREACHABLE_CODE = YES;
				CLANG_WARN__DUPLICATE_METHOD_MATCH = YES;
				COPY_PHASE_STRIP = NO;
				DEBUG_INFORMATION_FORMAT = "dwarf-with-dsym";
				ENABLE_NS_ASSERTIONS = NO;
				ENABLE_STRICT_OBJC_MSGSEND = YES;
				GCC_C_LANGUAGE_STANDARD = gnu11;
				GCC_NO_COMMON_BLOCKS = YES;
				GCC_WARN_64_TO_32_BIT_CONVERSION = YES;
				GCC_WARN_ABOUT_RETURN_TYPE = YES_ERROR;
				GCC_WARN_UNDECLARED_SELECTOR = YES;
				GCC_WARN_UNINITIALIZED_AUTOS = YES_AGGRESSIVE;
				GCC_WARN_UNUSED_FUNCTION = YES;
				GCC_WARN_UNUSED_VARIABLE = YES;
				IPHONEOS_DEPLOYMENT_TARGET = 16.1;
				MTL_ENABLE_DEBUG_INFO = NO;
				MTL_FAST_MATH = YES;
				SDKROOT = iphoneos;
				SWIFT_COMPILATION_MODE = wholemodule;
				SWIFT_OPTIMIZATION_LEVEL = "-O";
				VALIDATE_PRODUCT = YES;
			};
			name = Release;
		};
		4CD16B91293CD06300DA79AB /* Debug */ = {
			isa = XCBuildConfiguration;
			buildSettings = {
				ASSETCATALOG_COMPILER_APPICON_NAME = AppIcon;
				ASSETCATALOG_COMPILER_GLOBAL_ACCENT_COLOR_NAME = AccentColor;
				CODE_SIGN_STYLE = Automatic;
				CURRENT_PROJECT_VERSION = 1;
				DEVELOPMENT_TEAM = SQPM757FFZ;
				GENERATE_INFOPLIST_FILE = YES;
				INFOPLIST_FILE = PhotoSearcher/Resources/Info.plist;
				INFOPLIST_KEY_UIApplicationSupportsIndirectInputEvents = YES;
				INFOPLIST_KEY_UILaunchStoryboardName = LaunchScreen;
				INFOPLIST_KEY_UIMainStoryboardFile = "";
				INFOPLIST_KEY_UISupportedInterfaceOrientations_iPad = "UIInterfaceOrientationPortrait UIInterfaceOrientationPortraitUpsideDown UIInterfaceOrientationLandscapeLeft UIInterfaceOrientationLandscapeRight";
				INFOPLIST_KEY_UISupportedInterfaceOrientations_iPhone = "UIInterfaceOrientationPortrait UIInterfaceOrientationLandscapeLeft UIInterfaceOrientationLandscapeRight";
				IPHONEOS_DEPLOYMENT_TARGET = 15.0;
				LD_RUNPATH_SEARCH_PATHS = (
					"$(inherited)",
					"@executable_path/Frameworks",
				);
				MARKETING_VERSION = 1.0;
				PRODUCT_BUNDLE_IDENTIFIER = atr.PhotoSearcher;
				PRODUCT_NAME = "$(TARGET_NAME)";
				SWIFT_EMIT_LOC_STRINGS = YES;
				SWIFT_VERSION = 5.0;
				TARGETED_DEVICE_FAMILY = "1,2";
			};
			name = Debug;
		};
		4CD16B92293CD06300DA79AB /* Release */ = {
			isa = XCBuildConfiguration;
			buildSettings = {
				ASSETCATALOG_COMPILER_APPICON_NAME = AppIcon;
				ASSETCATALOG_COMPILER_GLOBAL_ACCENT_COLOR_NAME = AccentColor;
				CODE_SIGN_STYLE = Automatic;
				CURRENT_PROJECT_VERSION = 1;
				DEVELOPMENT_TEAM = SQPM757FFZ;
				GENERATE_INFOPLIST_FILE = YES;
				INFOPLIST_FILE = PhotoSearcher/Resources/Info.plist;
				INFOPLIST_KEY_UIApplicationSupportsIndirectInputEvents = YES;
				INFOPLIST_KEY_UILaunchStoryboardName = LaunchScreen;
				INFOPLIST_KEY_UIMainStoryboardFile = "";
				INFOPLIST_KEY_UISupportedInterfaceOrientations_iPad = "UIInterfaceOrientationPortrait UIInterfaceOrientationPortraitUpsideDown UIInterfaceOrientationLandscapeLeft UIInterfaceOrientationLandscapeRight";
				INFOPLIST_KEY_UISupportedInterfaceOrientations_iPhone = "UIInterfaceOrientationPortrait UIInterfaceOrientationLandscapeLeft UIInterfaceOrientationLandscapeRight";
				IPHONEOS_DEPLOYMENT_TARGET = 15.0;
				LD_RUNPATH_SEARCH_PATHS = (
					"$(inherited)",
					"@executable_path/Frameworks",
				);
				MARKETING_VERSION = 1.0;
				PRODUCT_BUNDLE_IDENTIFIER = atr.PhotoSearcher;
				PRODUCT_NAME = "$(TARGET_NAME)";
				SWIFT_EMIT_LOC_STRINGS = YES;
				SWIFT_VERSION = 5.0;
				TARGETED_DEVICE_FAMILY = "1,2";
			};
			name = Release;
		};
/* End XCBuildConfiguration section */

/* Begin XCConfigurationList section */
		4CD16B77293CD06100DA79AB /* Build configuration list for PBXProject "PhotoSearcher" */ = {
			isa = XCConfigurationList;
			buildConfigurations = (
				4CD16B8E293CD06300DA79AB /* Debug */,
				4CD16B8F293CD06300DA79AB /* Release */,
			);
			defaultConfigurationIsVisible = 0;
			defaultConfigurationName = Release;
		};
		4CD16B90293CD06300DA79AB /* Build configuration list for PBXNativeTarget "PhotoSearcher" */ = {
			isa = XCConfigurationList;
			buildConfigurations = (
				4CD16B91293CD06300DA79AB /* Debug */,
				4CD16B92293CD06300DA79AB /* Release */,
			);
			defaultConfigurationIsVisible = 0;
			defaultConfigurationName = Release;
		};
/* End XCConfigurationList section */
	};
	rootObject = 4CD16B74293CD06100DA79AB /* Project object */;
}
